PODS:
  - TestPod (0.1.0)

DEPENDENCIES:
  - TestPod (from `/Users/kuliza-335/Desktop/TestPod`)

EXTERNAL SOURCES:
  TestPod:
    :path: /Users/kuliza-335/Desktop/TestPod

SPEC CHECKSUMS:
  TestPod: ccb8c9b6a4cc9a952a87d972158903ec5c96536f

PODFILE CHECKSUM: d35c5a3104b321a56292d4bc64cba6c83d6af11c

COCOAPODS: 1.1.1
